// !$*UTF8*$!
{
	archiveVersion = 1;
	classes = {
	};
	objectVersion = 50;
	objects = {

/* Begin PBXBuildFile section */
		60231406B5ACB9DC3098842F /* Pods_SwiftLintDemoUITests.framework in Frameworks */ = {isa = PBXBuildFile; fileRef = DDFC22C79609CE5376E74050 /* Pods_SwiftLintDemoUITests.framework */; };
		7507A2A02098DF0B00ECDDED /* AppDelegate.swift in Sources */ = {isa = PBXBuildFile; fileRef = 7507A29F2098DF0B00ECDDED /* AppDelegate.swift */; };
		7507A2A22098DF0B00ECDDED /* ViewController.swift in Sources */ = {isa = PBXBuildFile; fileRef = 7507A2A12098DF0B00ECDDED /* ViewController.swift */; };
		7507A2A52098DF0B00ECDDED /* Main.storyboard in Resources */ = {isa = PBXBuildFile; fileRef = 7507A2A32098DF0B00ECDDED /* Main.storyboard */; };
		7507A2A72098DF0E00ECDDED /* Assets.xcassets in Resources */ = {isa = PBXBuildFile; fileRef = 7507A2A62098DF0E00ECDDED /* Assets.xcassets */; };
		7507A2AA2098DF0E00ECDDED /* LaunchScreen.storyboard in Resources */ = {isa = PBXBuildFile; fileRef = 7507A2A82098DF0E00ECDDED /* LaunchScreen.storyboard */; };
		7507A2B52098DF0E00ECDDED /* SwiftLintDemoTests.swift in Sources */ = {isa = PBXBuildFile; fileRef = 7507A2B42098DF0E00ECDDED /* SwiftLintDemoTests.swift */; };
		7507A2C02098DF0E00ECDDED /* SwiftLintDemoUITests.swift in Sources */ = {isa = PBXBuildFile; fileRef = 7507A2BF2098DF0E00ECDDED /* SwiftLintDemoUITests.swift */; };
		7B03E10531616B2F359CE246 /* Pods_SwiftLintDemo.framework in Frameworks */ = {isa = PBXBuildFile; fileRef = 98A9752B242F0224EF671D97 /* Pods_SwiftLintDemo.framework */; };
		81DC0BB73F3480046FB40DE0 /* Pods_SwiftLintDemoTests.framework in Frameworks */ = {isa = PBXBuildFile; fileRef = C27B3BBA5287F82E90596DC2 /* Pods_SwiftLintDemoTests.framework */; };
/* End PBXBuildFile section */

/* Begin PBXContainerItemProxy section */
		7507A2B12098DF0E00ECDDED /* PBXContainerItemProxy */ = {
			isa = PBXContainerItemProxy;
			containerPortal = 7507A2942098DF0B00ECDDED /* Project object */;
			proxyType = 1;
			remoteGlobalIDString = 7507A29B2098DF0B00ECDDED;
			remoteInfo = SwiftLintDemo;
		};
		7507A2BC2098DF0E00ECDDED /* PBXContainerItemProxy */ = {
			isa = PBXContainerItemProxy;
			containerPortal = 7507A2942098DF0B00ECDDED /* Project object */;
			proxyType = 1;
			remoteGlobalIDString = 7507A29B2098DF0B00ECDDED;
			remoteInfo = SwiftLintDemo;
		};
/* End PBXContainerItemProxy section */

/* Begin PBXFileReference section */
		67FA6DB3BF9726FCEF64EC7D /* Pods-SwiftLintDemoTests.debug.xcconfig */ = {isa = PBXFileReference; includeInIndex = 1; lastKnownFileType = text.xcconfig; name = "Pods-SwiftLintDemoTests.debug.xcconfig"; path = "Pods/Target Support Files/Pods-SwiftLintDemoTests/Pods-SwiftLintDemoTests.debug.xcconfig"; sourceTree = "<group>"; };
		7507A29C2098DF0B00ECDDED /* SwiftLintDemo.app */ = {isa = PBXFileReference; explicitFileType = wrapper.application; includeInIndex = 0; path = SwiftLintDemo.app; sourceTree = BUILT_PRODUCTS_DIR; };
		7507A29F2098DF0B00ECDDED /* AppDelegate.swift */ = {isa = PBXFileReference; lastKnownFileType = sourcecode.swift; path = AppDelegate.swift; sourceTree = "<group>"; };
		7507A2A12098DF0B00ECDDED /* ViewController.swift */ = {isa = PBXFileReference; lastKnownFileType = sourcecode.swift; path = ViewController.swift; sourceTree = "<group>"; };
		7507A2A42098DF0B00ECDDED /* Base */ = {isa = PBXFileReference; lastKnownFileType = file.storyboard; name = Base; path = Base.lproj/Main.storyboard; sourceTree = "<group>"; };
		7507A2A62098DF0E00ECDDED /* Assets.xcassets */ = {isa = PBXFileReference; lastKnownFileType = folder.assetcatalog; path = Assets.xcassets; sourceTree = "<group>"; };
		7507A2A92098DF0E00ECDDED /* Base */ = {isa = PBXFileReference; lastKnownFileType = file.storyboard; name = Base; path = Base.lproj/LaunchScreen.storyboard; sourceTree = "<group>"; };
		7507A2AB2098DF0E00ECDDED /* Info.plist */ = {isa = PBXFileReference; lastKnownFileType = text.plist.xml; path = Info.plist; sourceTree = "<group>"; };
		7507A2B02098DF0E00ECDDED /* SwiftLintDemoTests.xctest */ = {isa = PBXFileReference; explicitFileType = wrapper.cfbundle; includeInIndex = 0; path = SwiftLintDemoTests.xctest; sourceTree = BUILT_PRODUCTS_DIR; };
		7507A2B42098DF0E00ECDDED /* SwiftLintDemoTests.swift */ = {isa = PBXFileReference; lastKnownFileType = sourcecode.swift; path = SwiftLintDemoTests.swift; sourceTree = "<group>"; };
		7507A2B62098DF0E00ECDDED /* Info.plist */ = {isa = PBXFileReference; lastKnownFileType = text.plist.xml; path = Info.plist; sourceTree = "<group>"; };
		7507A2BB2098DF0E00ECDDED /* SwiftLintDemoUITests.xctest */ = {isa = PBXFileReference; explicitFileType = wrapper.cfbundle; includeInIndex = 0; path = SwiftLintDemoUITests.xctest; sourceTree = BUILT_PRODUCTS_DIR; };
		7507A2BF2098DF0E00ECDDED /* SwiftLintDemoUITests.swift */ = {isa = PBXFileReference; lastKnownFileType = sourcecode.swift; path = SwiftLintDemoUITests.swift; sourceTree = "<group>"; };
		7507A2C12098DF0E00ECDDED /* Info.plist */ = {isa = PBXFileReference; lastKnownFileType = text.plist.xml; path = Info.plist; sourceTree = "<group>"; };
		98A9752B242F0224EF671D97 /* Pods_SwiftLintDemo.framework */ = {isa = PBXFileReference; explicitFileType = wrapper.framework; includeInIndex = 0; path = Pods_SwiftLintDemo.framework; sourceTree = BUILT_PRODUCTS_DIR; };
		B32887CD237E0B54A36E7C72 /* Pods-SwiftLintDemo.debug.xcconfig */ = {isa = PBXFileReference; includeInIndex = 1; lastKnownFileType = text.xcconfig; name = "Pods-SwiftLintDemo.debug.xcconfig"; path = "Pods/Target Support Files/Pods-SwiftLintDemo/Pods-SwiftLintDemo.debug.xcconfig"; sourceTree = "<group>"; };
		B7A458932481F508B509C9ED /* Pods-SwiftLintDemo.release.xcconfig */ = {isa = PBXFileReference; includeInIndex = 1; lastKnownFileType = text.xcconfig; name = "Pods-SwiftLintDemo.release.xcconfig"; path = "Pods/Target Support Files/Pods-SwiftLintDemo/Pods-SwiftLintDemo.release.xcconfig"; sourceTree = "<group>"; };
		C27B3BBA5287F82E90596DC2 /* Pods_SwiftLintDemoTests.framework */ = {isa = PBXFileReference; explicitFileType = wrapper.framework; includeInIndex = 0; path = Pods_SwiftLintDemoTests.framework; sourceTree = BUILT_PRODUCTS_DIR; };
		C8B895430EE21A9694EA27C6 /* Pods-SwiftLintDemoUITests.release.xcconfig */ = {isa = PBXFileReference; includeInIndex = 1; lastKnownFileType = text.xcconfig; name = "Pods-SwiftLintDemoUITests.release.xcconfig"; path = "Pods/Target Support Files/Pods-SwiftLintDemoUITests/Pods-SwiftLintDemoUITests.release.xcconfig"; sourceTree = "<group>"; };
		C8F9A3DBA3C2F210579348CC /* Pods-SwiftLintDemoTests.release.xcconfig */ = {isa = PBXFileReference; includeInIndex = 1; lastKnownFileType = text.xcconfig; name = "Pods-SwiftLintDemoTests.release.xcconfig"; path = "Pods/Target Support Files/Pods-SwiftLintDemoTests/Pods-SwiftLintDemoTests.release.xcconfig"; sourceTree = "<group>"; };
		DDFC22C79609CE5376E74050 /* Pods_SwiftLintDemoUITests.framework */ = {isa = PBXFileReference; explicitFileType = wrapper.framework; includeInIndex = 0; path = Pods_SwiftLintDemoUITests.framework; sourceTree = BUILT_PRODUCTS_DIR; };
		F9B4E89B395A1AC17A942292 /* Pods-SwiftLintDemoUITests.debug.xcconfig */ = {isa = PBXFileReference; includeInIndex = 1; lastKnownFileType = text.xcconfig; name = "Pods-SwiftLintDemoUITests.debug.xcconfig"; path = "Pods/Target Support Files/Pods-SwiftLintDemoUITests/Pods-SwiftLintDemoUITests.debug.xcconfig"; sourceTree = "<group>"; };
/* End PBXFileReference section */

/* Begin PBXFrameworksBuildPhase section */
		7507A2992098DF0B00ECDDED /* Frameworks */ = {
			isa = PBXFrameworksBuildPhase;
			buildActionMask = 2147483647;
			files = (
				7B03E10531616B2F359CE246 /* Pods_SwiftLintDemo.framework in Frameworks */,
			);
			runOnlyForDeploymentPostprocessing = 0;
		};
		7507A2AD2098DF0E00ECDDED /* Frameworks */ = {
			isa = PBXFrameworksBuildPhase;
			buildActionMask = 2147483647;
			files = (
				81DC0BB73F3480046FB40DE0 /* Pods_SwiftLintDemoTests.framework in Frameworks */,
			);
			runOnlyForDeploymentPostprocessing = 0;
		};
		7507A2B82098DF0E00ECDDED /* Frameworks */ = {
			isa = PBXFrameworksBuildPhase;
			buildActionMask = 2147483647;
			files = (
				60231406B5ACB9DC3098842F /* Pods_SwiftLintDemoUITests.framework in Frameworks */,
			);
			runOnlyForDeploymentPostprocessing = 0;
		};
/* End PBXFrameworksBuildPhase section */

/* Begin PBXGroup section */
		7507A2932098DF0B00ECDDED = {
			isa = PBXGroup;
			children = (
				7507A29E2098DF0B00ECDDED /* SwiftLintDemo */,
				7507A2B32098DF0E00ECDDED /* SwiftLintDemoTests */,
				7507A2BE2098DF0E00ECDDED /* SwiftLintDemoUITests */,
				7507A29D2098DF0B00ECDDED /* Products */,
				764BFE9A6C151291E96C5F1F /* Pods */,
				BEBB0451F8A199EB0B180674 /* Frameworks */,
			);
			sourceTree = "<group>";
		};
		7507A29D2098DF0B00ECDDED /* Products */ = {
			isa = PBXGroup;
			children = (
				7507A29C2098DF0B00ECDDED /* SwiftLintDemo.app */,
				7507A2B02098DF0E00ECDDED /* SwiftLintDemoTests.xctest */,
				7507A2BB2098DF0E00ECDDED /* SwiftLintDemoUITests.xctest */,
			);
			name = Products;
			sourceTree = "<group>";
		};
		7507A29E2098DF0B00ECDDED /* SwiftLintDemo */ = {
			isa = PBXGroup;
			children = (
				7507A29F2098DF0B00ECDDED /* AppDelegate.swift */,
				7507A2A12098DF0B00ECDDED /* ViewController.swift */,
				7507A2A32098DF0B00ECDDED /* Main.storyboard */,
				7507A2A62098DF0E00ECDDED /* Assets.xcassets */,
				7507A2A82098DF0E00ECDDED /* LaunchScreen.storyboard */,
				7507A2AB2098DF0E00ECDDED /* Info.plist */,
			);
			path = SwiftLintDemo;
			sourceTree = "<group>";
		};
		7507A2B32098DF0E00ECDDED /* SwiftLintDemoTests */ = {
			isa = PBXGroup;
			children = (
				7507A2B42098DF0E00ECDDED /* SwiftLintDemoTests.swift */,
				7507A2B62098DF0E00ECDDED /* Info.plist */,
			);
			path = SwiftLintDemoTests;
			sourceTree = "<group>";
		};
		7507A2BE2098DF0E00ECDDED /* SwiftLintDemoUITests */ = {
			isa = PBXGroup;
			children = (
				7507A2BF2098DF0E00ECDDED /* SwiftLintDemoUITests.swift */,
				7507A2C12098DF0E00ECDDED /* Info.plist */,
			);
			path = SwiftLintDemoUITests;
			sourceTree = "<group>";
		};
		764BFE9A6C151291E96C5F1F /* Pods */ = {
			isa = PBXGroup;
			children = (
				B32887CD237E0B54A36E7C72 /* Pods-SwiftLintDemo.debug.xcconfig */,
				B7A458932481F508B509C9ED /* Pods-SwiftLintDemo.release.xcconfig */,
				67FA6DB3BF9726FCEF64EC7D /* Pods-SwiftLintDemoTests.debug.xcconfig */,
				C8F9A3DBA3C2F210579348CC /* Pods-SwiftLintDemoTests.release.xcconfig */,
				F9B4E89B395A1AC17A942292 /* Pods-SwiftLintDemoUITests.debug.xcconfig */,
				C8B895430EE21A9694EA27C6 /* Pods-SwiftLintDemoUITests.release.xcconfig */,
			);
			name = Pods;
			sourceTree = "<group>";
		};
		BEBB0451F8A199EB0B180674 /* Frameworks */ = {
			isa = PBXGroup;
			children = (
				98A9752B242F0224EF671D97 /* Pods_SwiftLintDemo.framework */,
				C27B3BBA5287F82E90596DC2 /* Pods_SwiftLintDemoTests.framework */,
				DDFC22C79609CE5376E74050 /* Pods_SwiftLintDemoUITests.framework */,
			);
			name = Frameworks;
			sourceTree = "<group>";
		};
/* End PBXGroup section */

/* Begin PBXNativeTarget section */
		7507A29B2098DF0B00ECDDED /* SwiftLintDemo */ = {
			isa = PBXNativeTarget;
			buildConfigurationList = 7507A2C42098DF0E00ECDDED /* Build configuration list for PBXNativeTarget "SwiftLintDemo" */;
			buildPhases = (
				28DB4200359DEAEE1A627752 /* [CP] Check Pods Manifest.lock */,
				7507A2982098DF0B00ECDDED /* Sources */,
				7507A2992098DF0B00ECDDED /* Frameworks */,
				7507A29A2098DF0B00ECDDED /* Resources */,
				7507A2CD2098E20B00ECDDED /* ShellScript */,
			);
			buildRules = (
			);
			dependencies = (
			);
			name = SwiftLintDemo;
			productName = SwiftLintDemo;
			productReference = 7507A29C2098DF0B00ECDDED /* SwiftLintDemo.app */;
			productType = "com.apple.product-type.application";
		};
		7507A2AF2098DF0E00ECDDED /* SwiftLintDemoTests */ = {
			isa = PBXNativeTarget;
			buildConfigurationList = 7507A2C72098DF0E00ECDDED /* Build configuration list for PBXNativeTarget "SwiftLintDemoTests" */;
			buildPhases = (
				3955AA936B941DA96DC199EC /* [CP] Check Pods Manifest.lock */,
				7507A2AC2098DF0E00ECDDED /* Sources */,
				7507A2AD2098DF0E00ECDDED /* Frameworks */,
				7507A2AE2098DF0E00ECDDED /* Resources */,
			);
			buildRules = (
			);
			dependencies = (
				7507A2B22098DF0E00ECDDED /* PBXTargetDependency */,
			);
			name = SwiftLintDemoTests;
			productName = SwiftLintDemoTests;
			productReference = 7507A2B02098DF0E00ECDDED /* SwiftLintDemoTests.xctest */;
			productType = "com.apple.product-type.bundle.unit-test";
		};
		7507A2BA2098DF0E00ECDDED /* SwiftLintDemoUITests */ = {
			isa = PBXNativeTarget;
			buildConfigurationList = 7507A2CA2098DF0E00ECDDED /* Build configuration list for PBXNativeTarget "SwiftLintDemoUITests" */;
			buildPhases = (
				0008C8062065A6161BDAF517 /* [CP] Check Pods Manifest.lock */,
				7507A2B72098DF0E00ECDDED /* Sources */,
				7507A2B82098DF0E00ECDDED /* Frameworks */,
				7507A2B92098DF0E00ECDDED /* Resources */,
			);
			buildRules = (
			);
			dependencies = (
				7507A2BD2098DF0E00ECDDED /* PBXTargetDependency */,
			);
			name = SwiftLintDemoUITests;
			productName = SwiftLintDemoUITests;
			productReference = 7507A2BB2098DF0E00ECDDED /* SwiftLintDemoUITests.xctest */;
			productType = "com.apple.product-type.bundle.ui-testing";
		};
/* End PBXNativeTarget section */

/* Begin PBXProject section */
		7507A2942098DF0B00ECDDED /* Project object */ = {
			isa = PBXProject;
			attributes = {
				LastSwiftUpdateCheck = 0930;
				LastUpgradeCheck = 0930;
				ORGANIZATIONNAME = "MAXIM TSVETKOV";
				TargetAttributes = {
					7507A29B2098DF0B00ECDDED = {
						CreatedOnToolsVersion = 9.3;
					};
					7507A2AF2098DF0E00ECDDED = {
						CreatedOnToolsVersion = 9.3;
						TestTargetID = 7507A29B2098DF0B00ECDDED;
					};
					7507A2BA2098DF0E00ECDDED = {
						CreatedOnToolsVersion = 9.3;
						TestTargetID = 7507A29B2098DF0B00ECDDED;
					};
				};
			};
			buildConfigurationList = 7507A2972098DF0B00ECDDED /* Build configuration list for PBXProject "SwiftLintDemo" */;
			compatibilityVersion = "Xcode 9.3";
			developmentRegion = en;
			hasScannedForEncodings = 0;
			knownRegions = (
				en,
				Base,
			);
			mainGroup = 7507A2932098DF0B00ECDDED;
			productRefGroup = 7507A29D2098DF0B00ECDDED /* Products */;
			projectDirPath = "";
			projectRoot = "";
			targets = (
				7507A29B2098DF0B00ECDDED /* SwiftLintDemo */,
				7507A2AF2098DF0E00ECDDED /* SwiftLintDemoTests */,
				7507A2BA2098DF0E00ECDDED /* SwiftLintDemoUITests */,
			);
		};
/* End PBXProject section */

/* Begin PBXResourcesBuildPhase section */
		7507A29A2098DF0B00ECDDED /* Resources */ = {
			isa = PBXResourcesBuildPhase;
			buildActionMask = 2147483647;
			files = (
				7507A2AA2098DF0E00ECDDED /* LaunchScreen.storyboard in Resources */,
				7507A2A72098DF0E00ECDDED /* Assets.xcassets in Resources */,
				7507A2A52098DF0B00ECDDED /* Main.storyboard in Resources */,
			);
			runOnlyForDeploymentPostprocessing = 0;
		};
		7507A2AE2098DF0E00ECDDED /* Resources */ = {
			isa = PBXResourcesBuildPhase;
			buildActionMask = 2147483647;
			files = (
			);
			runOnlyForDeploymentPostprocessing = 0;
		};
		7507A2B92098DF0E00ECDDED /* Resources */ = {
			isa = PBXResourcesBuildPhase;
			buildActionMask = 2147483647;
			files = (
			);
			runOnlyForDeploymentPostprocessing = 0;
		};
/* End PBXResourcesBuildPhase section */

/* Begin PBXShellScriptBuildPhase section */
		0008C8062065A6161BDAF517 /* [CP] Check Pods Manifest.lock */ = {
			isa = PBXShellScriptBuildPhase;
			buildActionMask = 2147483647;
			files = (
			);
			inputPaths = (
				"${PODS_PODFILE_DIR_PATH}/Podfile.lock",
				"${PODS_ROOT}/Manifest.lock",
			);
			name = "[CP] Check Pods Manifest.lock";
			outputPaths = (
				"$(DERIVED_FILE_DIR)/Pods-SwiftLintDemoUITests-checkManifestLockResult.txt",
			);
			runOnlyForDeploymentPostprocessing = 0;
			shellPath = /bin/sh;
			shellScript = "diff \"${PODS_PODFILE_DIR_PATH}/Podfile.lock\" \"${PODS_ROOT}/Manifest.lock\" > /dev/null\nif [ $? != 0 ] ; then\n    # print error to STDERR\n    echo \"error: The sandbox is not in sync with the Podfile.lock. Run 'pod install' or update your CocoaPods installation.\" >&2\n    exit 1\nfi\n# This output is used by Xcode 'outputs' to avoid re-running this script phase.\necho \"SUCCESS\" > \"${SCRIPT_OUTPUT_FILE_0}\"\n";
			showEnvVarsInLog = 0;
		};
		28DB4200359DEAEE1A627752 /* [CP] Check Pods Manifest.lock */ = {
			isa = PBXShellScriptBuildPhase;
			buildActionMask = 2147483647;
			files = (
			);
			inputPaths = (
				"${PODS_PODFILE_DIR_PATH}/Podfile.lock",
				"${PODS_ROOT}/Manifest.lock",
			);
			name = "[CP] Check Pods Manifest.lock";
			outputPaths = (
				"$(DERIVED_FILE_DIR)/Pods-SwiftLintDemo-checkManifestLockResult.txt",
			);
			runOnlyForDeploymentPostprocessing = 0;
			shellPath = /bin/sh;
			shellScript = "diff \"${PODS_PODFILE_DIR_PATH}/Podfile.lock\" \"${PODS_ROOT}/Manifest.lock\" > /dev/null\nif [ $? != 0 ] ; then\n    # print error to STDERR\n    echo \"error: The sandbox is not in sync with the Podfile.lock. Run 'pod install' or update your CocoaPods installation.\" >&2\n    exit 1\nfi\n# This output is used by Xcode 'outputs' to avoid re-running this script phase.\necho \"SUCCESS\" > \"${SCRIPT_OUTPUT_FILE_0}\"\n";
			showEnvVarsInLog = 0;
		};
		3955AA936B941DA96DC199EC /* [CP] Check Pods Manifest.lock */ = {
			isa = PBXShellScriptBuildPhase;
			buildActionMask = 2147483647;
			files = (
			);
			inputPaths = (
				"${PODS_PODFILE_DIR_PATH}/Podfile.lock",
				"${PODS_ROOT}/Manifest.lock",
			);
			name = "[CP] Check Pods Manifest.lock";
			outputPaths = (
				"$(DERIVED_FILE_DIR)/Pods-SwiftLintDemoTests-checkManifestLockResult.txt",
			);
			runOnlyForDeploymentPostprocessing = 0;
			shellPath = /bin/sh;
			shellScript = "diff \"${PODS_PODFILE_DIR_PATH}/Podfile.lock\" \"${PODS_ROOT}/Manifest.lock\" > /dev/null\nif [ $? != 0 ] ; then\n    # print error to STDERR\n    echo \"error: The sandbox is not in sync with the Podfile.lock. Run 'pod install' or update your CocoaPods installation.\" >&2\n    exit 1\nfi\n# This output is used by Xcode 'outputs' to avoid re-running this script phase.\necho \"SUCCESS\" > \"${SCRIPT_OUTPUT_FILE_0}\"\n";
			showEnvVarsInLog = 0;
		};
		7507A2CD2098E20B00ECDDED /* ShellScript */ = {
			isa = PBXShellScriptBuildPhase;
			buildActionMask = 2147483647;
			files = (
			);
			inputPaths = (
			);
			outputPaths = (
			);
			runOnlyForDeploymentPostprocessing = 0;
			shellPath = /bin/sh;
			shellScript = "\"${PODS_ROOT}/SwiftLint/swiftlint\"";
		};
/* End PBXShellScriptBuildPhase section */

/* Begin PBXSourcesBuildPhase section */
		7507A2982098DF0B00ECDDED /* Sources */ = {
			isa = PBXSourcesBuildPhase;
			buildActionMask = 2147483647;
			files = (
				7507A2A22098DF0B00ECDDED /* ViewController.swift in Sources */,
				7507A2A02098DF0B00ECDDED /* AppDelegate.swift in Sources */,
			);
			runOnlyForDeploymentPostprocessing = 0;
		};
		7507A2AC2098DF0E00ECDDED /* Sources */ = {
			isa = PBXSourcesBuildPhase;
			buildActionMask = 2147483647;
			files = (
				7507A2B52098DF0E00ECDDED /* SwiftLintDemoTests.swift in Sources */,
			);
			runOnlyForDeploymentPostprocessing = 0;
		};
		7507A2B72098DF0E00ECDDED /* Sources */ = {
			isa = PBXSourcesBuildPhase;
			buildActionMask = 2147483647;
			files = (
				7507A2C02098DF0E00ECDDED /* SwiftLintDemoUITests.swift in Sources */,
			);
			runOnlyForDeploymentPostprocessing = 0;
		};
/* End PBXSourcesBuildPhase section */

/* Begin PBXTargetDependency section */
		7507A2B22098DF0E00ECDDED /* PBXTargetDependency */ = {
			isa = PBXTargetDependency;
			target = 7507A29B2098DF0B00ECDDED /* SwiftLintDemo */;
			targetProxy = 7507A2B12098DF0E00ECDDED /* PBXContainerItemProxy */;
		};
		7507A2BD2098DF0E00ECDDED /* PBXTargetDependency */ = {
			isa = PBXTargetDependency;
			target = 7507A29B2098DF0B00ECDDED /* SwiftLintDemo */;
			targetProxy = 7507A2BC2098DF0E00ECDDED /* PBXContainerItemProxy */;
		};
/* End PBXTargetDependency section */

/* Begin PBXVariantGroup section */
		7507A2A32098DF0B00ECDDED /* Main.storyboard */ = {
			isa = PBXVariantGroup;
			children = (
				7507A2A42098DF0B00ECDDED /* Base */,
			);
			name = Main.storyboard;
			sourceTree = "<group>";
		};
		7507A2A82098DF0E00ECDDED /* LaunchScreen.storyboard */ = {
			isa = PBXVariantGroup;
			children = (
				7507A2A92098DF0E00ECDDED /* Base */,
			);
			name = LaunchScreen.storyboard;
			sourceTree = "<group>";
		};
/* End PBXVariantGroup section */

/* Begin XCBuildConfiguration section */
		7507A2C22098DF0E00ECDDED /* Debug */ = {
			isa = XCBuildConfiguration;
			buildSettings = {
				ALWAYS_SEARCH_USER_PATHS = NO;
				CLANG_ANALYZER_NONNULL = YES;
				CLANG_ANALYZER_NUMBER_OBJECT_CONVERSION = YES_AGGRESSIVE;
				CLANG_CXX_LANGUAGE_STANDARD = "gnu++14";
				CLANG_CXX_LIBRARY = "libc++";
				CLANG_ENABLE_MODULES = YES;
				CLANG_ENABLE_OBJC_ARC = YES;
				CLANG_ENABLE_OBJC_WEAK = YES;
				CLANG_WARN_BLOCK_CAPTURE_AUTORELEASING = YES;
				CLANG_WARN_BOOL_CONVERSION = YES;
				CLANG_WARN_COMMA = YES;
				CLANG_WARN_CONSTANT_CONVERSION = YES;
				CLANG_WARN_DEPRECATED_OBJC_IMPLEMENTATIONS = YES;
				CLANG_WARN_DIRECT_OBJC_ISA_USAGE = YES_ERROR;
				CLANG_WARN_DOCUMENTATION_COMMENTS = YES;
				CLANG_WARN_EMPTY_BODY = YES;
				CLANG_WARN_ENUM_CONVERSION = YES;
				CLANG_WARN_INFINITE_RECURSION = YES;
				CLANG_WARN_INT_CONVERSION = YES;
				CLANG_WARN_NON_LITERAL_NULL_CONVERSION = YES;
				CLANG_WARN_OBJC_IMPLICIT_RETAIN_SELF = YES;
				CLANG_WARN_OBJC_LITERAL_CONVERSION = YES;
				CLANG_WARN_OBJC_ROOT_CLASS = YES_ERROR;
				CLANG_WARN_RANGE_LOOP_ANALYSIS = YES;
				CLANG_WARN_STRICT_PROTOTYPES = YES;
				CLANG_WARN_SUSPICIOUS_MOVE = YES;
				CLANG_WARN_UNGUARDED_AVAILABILITY = YES_AGGRESSIVE;
				CLANG_WARN_UNREACHABLE_CODE = YES;
				CLANG_WARN__DUPLICATE_METHOD_MATCH = YES;
				CODE_SIGN_IDENTITY = "iPhone Developer";
				COPY_PHASE_STRIP = NO;
				DEBUG_INFORMATION_FORMAT = dwarf;
				ENABLE_STRICT_OBJC_MSGSEND = YES;
				ENABLE_TESTABILITY = YES;
				GCC_C_LANGUAGE_STANDARD = gnu11;
				GCC_DYNAMIC_NO_PIC = NO;
				GCC_NO_COMMON_BLOCKS = YES;
				GCC_OPTIMIZATION_LEVEL = 0;
				GCC_PREPROCESSOR_DEFINITIONS = (
					"DEBUG=1",
					"$(inherited)",
				);
				GCC_WARN_64_TO_32_BIT_CONVERSION = YES;
				GCC_WARN_ABOUT_RETURN_TYPE = YES_ERROR;
				GCC_WARN_UNDECLARED_SELECTOR = YES;
				GCC_WARN_UNINITIALIZED_AUTOS = YES_AGGRESSIVE;
				GCC_WARN_UNUSED_FUNCTION = YES;
				GCC_WARN_UNUSED_VARIABLE = YES;
				IPHONEOS_DEPLOYMENT_TARGET = 11.3;
				MTL_ENABLE_DEBUG_INFO = YES;
				ONLY_ACTIVE_ARCH = YES;
				SDKROOT = iphoneos;
				SWIFT_ACTIVE_COMPILATION_CONDITIONS = DEBUG;
				SWIFT_OPTIMIZATION_LEVEL = "-Onone";
			};
			name = Debug;
		};
		7507A2C32098DF0E00ECDDED /* Release */ = {
			isa = XCBuildConfiguration;
			buildSettings = {
				ALWAYS_SEARCH_USER_PATHS = NO;
				CLANG_ANALYZER_NONNULL = YES;
				CLANG_ANALYZER_NUMBER_OBJECT_CONVERSION = YES_AGGRESSIVE;
				CLANG_CXX_LANGUAGE_STANDARD = "gnu++14";
				CLANG_CXX_LIBRARY = "libc++";
				CLANG_ENABLE_MODULES = YES;
				CLANG_ENABLE_OBJC_ARC = YES;
				CLANG_ENABLE_OBJC_WEAK = YES;
				CLANG_WARN_BLOCK_CAPTURE_AUTORELEASING = YES;
				CLANG_WARN_BOOL_CONVERSION = YES;
				CLANG_WARN_COMMA = YES;
				CLANG_WARN_CONSTANT_CONVERSION = YES;
				CLANG_WARN_DEPRECATED_OBJC_IMPLEMENTATIONS = YES;
				CLANG_WARN_DIRECT_OBJC_ISA_USAGE = YES_ERROR;
				CLANG_WARN_DOCUMENTATION_COMMENTS = YES;
				CLANG_WARN_EMPTY_BODY = YES;
				CLANG_WARN_ENUM_CONVERSION = YES;
				CLANG_WARN_INFINITE_RECURSION = YES;
				CLANG_WARN_INT_CONVERSION = YES;
				CLANG_WARN_NON_LITERAL_NULL_CONVERSION = YES;
				CLANG_WARN_OBJC_IMPLICIT_RETAIN_SELF = YES;
				CLANG_WARN_OBJC_LITERAL_CONVERSION = YES;
				CLANG_WARN_OBJC_ROOT_CLASS = YES_ERROR;
				CLANG_WARN_RANGE_LOOP_ANALYSIS = YES;
				CLANG_WARN_STRICT_PROTOTYPES = YES;
				CLANG_WARN_SUSPICIOUS_MOVE = YES;
				CLANG_WARN_UNGUARDED_AVAILABILITY = YES_AGGRESSIVE;
				CLANG_WARN_UNREACHABLE_CODE = YES;
				CLANG_WARN__DUPLICATE_METHOD_MATCH = YES;
				CODE_SIGN_IDENTITY = "iPhone Developer";
				COPY_PHASE_STRIP = NO;
				DEBUG_INFORMATION_FORMAT = "dwarf-with-dsym";
				ENABLE_NS_ASSERTIONS = NO;
				ENABLE_STRICT_OBJC_MSGSEND = YES;
				GCC_C_LANGUAGE_STANDARD = gnu11;
				GCC_NO_COMMON_BLOCKS = YES;
				GCC_WARN_64_TO_32_BIT_CONVERSION = YES;
				GCC_WARN_ABOUT_RETURN_TYPE = YES_ERROR;
				GCC_WARN_UNDECLARED_SELECTOR = YES;
				GCC_WARN_UNINITIALIZED_AUTOS = YES_AGGRESSIVE;
				GCC_WARN_UNUSED_FUNCTION = YES;
				GCC_WARN_UNUSED_VARIABLE = YES;
				IPHONEOS_DEPLOYMENT_TARGET = 11.3;
				MTL_ENABLE_DEBUG_INFO = NO;
				SDKROOT = iphoneos;
				SWIFT_COMPILATION_MODE = wholemodule;
				SWIFT_OPTIMIZATION_LEVEL = "-O";
				VALIDATE_PRODUCT = YES;
			};
			name = Release;
		};
		7507A2C52098DF0E00ECDDED /* Debug */ = {
			isa = XCBuildConfiguration;
			baseConfigurationReference = B32887CD237E0B54A36E7C72 /* Pods-SwiftLintDemo.debug.xcconfig */;
			buildSettings = {
				ASSETCATALOG_COMPILER_APPICON_NAME = AppIcon;
				CODE_SIGN_STYLE = Automatic;
				INFOPLIST_FILE = SwiftLintDemo/Info.plist;
				LD_RUNPATH_SEARCH_PATHS = (
					"$(inherited)",
					"@executable_path/Frameworks",
				);
				PRODUCT_BUNDLE_IDENTIFIER = maxxx.SwiftLintDemo;
				PRODUCT_NAME = "$(TARGET_NAME)";
				SWIFT_VERSION = 4.0;
				TARGETED_DEVICE_FAMILY = "1,2";
			};
			name = Debug;
		};
		7507A2C62098DF0E00ECDDED /* Release */ = {
			isa = XCBuildConfiguration;
			baseConfigurationReference = B7A458932481F508B509C9ED /* Pods-SwiftLintDemo.release.xcconfig */;
			buildSettings = {
				ASSETCATALOG_COMPILER_APPICON_NAME = AppIcon;
				CODE_SIGN_STYLE = Automatic;
				INFOPLIST_FILE = SwiftLintDemo/Info.plist;
				LD_RUNPATH_SEARCH_PATHS = (
					"$(inherited)",
					"@executable_path/Frameworks",
				);
				PRODUCT_BUNDLE_IDENTIFIER = maxxx.SwiftLintDemo;
				PRODUCT_NAME = "$(TARGET_NAME)";
				SWIFT_VERSION = 4.0;
				TARGETED_DEVICE_FAMILY = "1,2";
			};
			name = Release;
		};
		7507A2C82098DF0E00ECDDED /* Debug */ = {
			isa = XCBuildConfiguration;
			baseConfigurationReference = 67FA6DB3BF9726FCEF64EC7D /* Pods-SwiftLintDemoTests.debug.xcconfig */;
			buildSettings = {
				ALWAYS_EMBED_SWIFT_STANDARD_LIBRARIES = YES;
				BUNDLE_LOADER = "$(TEST_HOST)";
				CODE_SIGN_STYLE = Automatic;
				INFOPLIST_FILE = SwiftLintDemoTests/Info.plist;
				LD_RUNPATH_SEARCH_PATHS = (
					"$(inherited)",
					"@executable_path/Frameworks",
					"@loader_path/Frameworks",
				);
				PRODUCT_BUNDLE_IDENTIFIER = maxxx.SwiftLintDemoTests;
				PRODUCT_NAME = "$(TARGET_NAME)";
				SWIFT_VERSION = 4.0;
				TARGETED_DEVICE_FAMILY = "1,2";
				TEST_HOST = "$(BUILT_PRODUCTS_DIR)/SwiftLintDemo.app/SwiftLintDemo";
			};
			name = Debug;
		};
		7507A2C92098DF0E00ECDDED /* Release */ = {
			isa = XCBuildConfiguration;
			baseConfigurationReference = C8F9A3DBA3C2F210579348CC /* Pods-SwiftLintDemoTests.release.xcconfig */;
			buildSettings = {
				ALWAYS_EMBED_SWIFT_STANDARD_LIBRARIES = YES;
				BUNDLE_LOADER = "$(TEST_HOST)";
				CODE_SIGN_STYLE = Automatic;
				INFOPLIST_FILE = SwiftLintDemoTests/Info.plist;
				LD_RUNPATH_SEARCH_PATHS = (
					"$(inherited)",
					"@executable_path/Frameworks",
					"@loader_path/Frameworks",
				);
				PRODUCT_BUNDLE_IDENTIFIER = maxxx.SwiftLintDemoTests;
				PRODUCT_NAME = "$(TARGET_NAME)";
				SWIFT_VERSION = 4.0;
				TARGETED_DEVICE_FAMILY = "1,2";
				TEST_HOST = "$(BUILT_PRODUCTS_DIR)/SwiftLintDemo.app/SwiftLintDemo";
			};
			name = Release;
		};
		7507A2CB2098DF0E00ECDDED /* Debug */ = {
			isa = XCBuildConfiguration;
			baseConfigurationReference = F9B4E89B395A1AC17A942292 /* Pods-SwiftLintDemoUITests.debug.xcconfig */;
			buildSettings = {
				ALWAYS_EMBED_SWIFT_STANDARD_LIBRARIES = YES;
				CODE_SIGN_STYLE = Automatic;
				INFOPLIST_FILE = SwiftLintDemoUITests/Info.plist;
				LD_RUNPATH_SEARCH_PATHS = (
					"$(inherited)",
					"@executable_path/Frameworks",
					"@loader_path/Frameworks",
				);
				PRODUCT_BUNDLE_IDENTIFIER = maxxx.SwiftLintDemoUITests;
				PRODUCT_NAME = "$(TARGET_NAME)";
				SWIFT_VERSION = 4.0;
				TARGETED_DEVICE_FAMILY = "1,2";
				TEST_TARGET_NAME = SwiftLintDemo;
			};
			name = Debug;
		};
		7507A2CC2098DF0E00ECDDED /* Release */ = {
			isa = XCBuildConfiguration;
			baseConfigurationReference = C8B895430EE21A9694EA27C6 /* Pods-SwiftLintDemoUITests.release.xcconfig */;
			buildSettings = {
				ALWAYS_EMBED_SWIFT_STANDARD_LIBRARIES = YES;
				CODE_SIGN_STYLE = Automatic;
				INFOPLIST_FILE = SwiftLintDemoUITests/Info.plist;
				LD_RUNPATH_SEARCH_PATHS = (
					"$(inherited)",
					"@executable_path/Frameworks",
					"@loader_path/Frameworks",
				);
				PRODUCT_BUNDLE_IDENTIFIER = maxxx.SwiftLintDemoUITests;
				PRODUCT_NAME = "$(TARGET_NAME)";
				SWIFT_VERSION = 4.0;
				TARGETED_DEVICE_FAMILY = "1,2";
				TEST_TARGET_NAME = SwiftLintDemo;
			};
			name = Release;
		};
/* End XCBuildConfiguration section */

/* Begin XCConfigurationList section */
		7507A2972098DF0B00ECDDED /* Build configuration list for PBXProject "SwiftLintDemo" */ = {
			isa = XCConfigurationList;
			buildConfigurations = (
				7507A2C22098DF0E00ECDDED /* Debug */,
				7507A2C32098DF0E00ECDDED /* Release */,
			);
			defaultConfigurationIsVisible = 0;
			defaultConfigurationName = Release;
		};
		7507A2C42098DF0E00ECDDED /* Build configuration list for PBXNativeTarget "SwiftLintDemo" */ = {
			isa = XCConfigurationList;
			buildConfigurations = (
				7507A2C52098DF0E00ECDDED /* Debug */,
				7507A2C62098DF0E00ECDDED /* Release */,
			);
			defaultConfigurationIsVisible = 0;
			defaultConfigurationName = Release;
		};
		7507A2C72098DF0E00ECDDED /* Build configuration list for PBXNativeTarget "SwiftLintDemoTests" */ = {
			isa = XCConfigurationList;
			buildConfigurations = (
				7507A2C82098DF0E00ECDDED /* Debug */,
				7507A2C92098DF0E00ECDDED /* Release */,
			);
			defaultConfigurationIsVisible = 0;
			defaultConfigurationName = Release;
		};
		7507A2CA2098DF0E00ECDDED /* Build configuration list for PBXNativeTarget "SwiftLintDemoUITests" */ = {
			isa = XCConfigurationList;
			buildConfigurations = (
				7507A2CB2098DF0E00ECDDED /* Debug */,
				7507A2CC2098DF0E00ECDDED /* Release */,
			);
			defaultConfigurationIsVisible = 0;
			defaultConfigurationName = Release;
		};
/* End XCConfigurationList section */
	};
	rootObject = 7507A2942098DF0B00ECDDED /* Project object */;
}
